// !$*UTF8*$!
{
	archiveVersion = 1;
	classes = {
	};
	objectVersion = 56;
	objects = {

/* Begin PBXBuildFile section */
		2C14BBDC2A8D393300687389 /* SceneDelegate.swift in Sources */ = {isa = PBXBuildFile; fileRef = 2C14BBDB2A8D393300687389 /* SceneDelegate.swift */; };
		2C2A9A442A79805500405F19 /* MapScreenView.swift in Sources */ = {isa = PBXBuildFile; fileRef = 2C2A9A432A79805500405F19 /* MapScreenView.swift */; };
		2C2A9A462A79A67000405F19 /* MKCooordinateRegionHelper.swift in Sources */ = {isa = PBXBuildFile; fileRef = 2C2A9A452A79A67000405F19 /* MKCooordinateRegionHelper.swift */; };
		2C2A9A492A7ACF7400405F19 /* GoogleService-Info.plist in Resources */ = {isa = PBXBuildFile; fileRef = 2C2A9A482A7ACF7400405F19 /* GoogleService-Info.plist */; };
		2C2A9A4C2A7AD00500405F19 /* FirebaseAnalytics in Frameworks */ = {isa = PBXBuildFile; productRef = 2C2A9A4B2A7AD00500405F19 /* FirebaseAnalytics */; };
		2C2A9A4E2A7AD00500405F19 /* FirebaseDatabase in Frameworks */ = {isa = PBXBuildFile; productRef = 2C2A9A4D2A7AD00500405F19 /* FirebaseDatabase */; };
		2C2A9A502A7AD00500405F19 /* FirebaseDatabaseSwift in Frameworks */ = {isa = PBXBuildFile; productRef = 2C2A9A4F2A7AD00500405F19 /* FirebaseDatabaseSwift */; };
		2C2A9A522A7AD00500405F19 /* FirebaseInAppMessaging-Beta in Frameworks */ = {isa = PBXBuildFile; productRef = 2C2A9A512A7AD00500405F19 /* FirebaseInAppMessaging-Beta */; };
		2C2A9A542A7AD00500405F19 /* FirebaseInAppMessagingSwift-Beta in Frameworks */ = {isa = PBXBuildFile; productRef = 2C2A9A532A7AD00500405F19 /* FirebaseInAppMessagingSwift-Beta */; };
		2C2A9A562A7AD00500405F19 /* FirebaseRemoteConfig in Frameworks */ = {isa = PBXBuildFile; productRef = 2C2A9A552A7AD00500405F19 /* FirebaseRemoteConfig */; };
		2C2A9A582A7AD00500405F19 /* FirebaseRemoteConfigSwift in Frameworks */ = {isa = PBXBuildFile; productRef = 2C2A9A572A7AD00500405F19 /* FirebaseRemoteConfigSwift */; };
		2C2A9A5A2A7AD00500405F19 /* FirebaseStorage in Frameworks */ = {isa = PBXBuildFile; productRef = 2C2A9A592A7AD00500405F19 /* FirebaseStorage */; };
		2C2A9A5C2A7AD00500405F19 /* FirebaseStorageCombine-Community in Frameworks */ = {isa = PBXBuildFile; productRef = 2C2A9A5B2A7AD00500405F19 /* FirebaseStorageCombine-Community */; };
		2C2A9A5E2A7AFAC700405F19 /* Bar.swift in Sources */ = {isa = PBXBuildFile; fileRef = 2C2A9A5D2A7AFAC700405F19 /* Bar.swift */; };
		2C2A9A602A7AFE3200405F19 /* FirebaseFirestore in Frameworks */ = {isa = PBXBuildFile; productRef = 2C2A9A5F2A7AFE3200405F19 /* FirebaseFirestore */; };
		2C2A9A622A7AFE3800405F19 /* FirebaseFirestoreSwift in Frameworks */ = {isa = PBXBuildFile; productRef = 2C2A9A612A7AFE3800405F19 /* FirebaseFirestoreSwift */; };
		2C2A9A642A7AFE7800405F19 /* BarViewModel.swift in Sources */ = {isa = PBXBuildFile; fileRef = 2C2A9A632A7AFE7800405F19 /* BarViewModel.swift */; };
		2C2A9A662A830E0600405F19 /* BarView.swift in Sources */ = {isa = PBXBuildFile; fileRef = 2C2A9A652A830E0600405F19 /* BarView.swift */; };
		2C2A9A682A83291A00405F19 /* BarAnnotationMapView.swift in Sources */ = {isa = PBXBuildFile; fileRef = 2C2A9A672A83291A00405F19 /* BarAnnotationMapView.swift */; };
		2C9D657D2A78432D008288FA /* HopperApp.swift in Sources */ = {isa = PBXBuildFile; fileRef = 2C9D657C2A78432D008288FA /* HopperApp.swift */; };
		2C9D657F2A78432D008288FA /* ContentView.swift in Sources */ = {isa = PBXBuildFile; fileRef = 2C9D657E2A78432D008288FA /* ContentView.swift */; };
		2C9D65812A78432E008288FA /* Assets.xcassets in Resources */ = {isa = PBXBuildFile; fileRef = 2C9D65802A78432E008288FA /* Assets.xcassets */; };
		2C9D65842A78432E008288FA /* Preview Assets.xcassets in Resources */ = {isa = PBXBuildFile; fileRef = 2C9D65832A78432E008288FA /* Preview Assets.xcassets */; };
		2C9D65AD2A78637E008288FA /* LocationManager.swift in Sources */ = {isa = PBXBuildFile; fileRef = 2C9D65AC2A78637E008288FA /* LocationManager.swift */; };
		2CFB28592A83FCBB00A4B9B0 /* BarPreviewView.swift in Sources */ = {isa = PBXBuildFile; fileRef = 2CFB28582A83FCBB00A4B9B0 /* BarPreviewView.swift */; };
/* End PBXBuildFile section */

/* Begin PBXFileReference section */
		2C14BBDB2A8D393300687389 /* SceneDelegate.swift */ = {isa = PBXFileReference; lastKnownFileType = sourcecode.swift; path = SceneDelegate.swift; sourceTree = "<group>"; };
		2C14BBDD2A8D9CB800687389 /* locationTest.gpx */ = {isa = PBXFileReference; lastKnownFileType = text.xml; path = locationTest.gpx; sourceTree = "<group>"; };
		2C2A9A432A79805500405F19 /* MapScreenView.swift */ = {isa = PBXFileReference; lastKnownFileType = sourcecode.swift; path = MapScreenView.swift; sourceTree = "<group>"; };
		2C2A9A452A79A67000405F19 /* MKCooordinateRegionHelper.swift */ = {isa = PBXFileReference; lastKnownFileType = sourcecode.swift; path = MKCooordinateRegionHelper.swift; sourceTree = "<group>"; };
		2C2A9A482A7ACF7400405F19 /* GoogleService-Info.plist */ = {isa = PBXFileReference; fileEncoding = 4; lastKnownFileType = text.plist.xml; name = "GoogleService-Info.plist"; path = "../../../../Downloads/GoogleService-Info.plist"; sourceTree = "<group>"; };
		2C2A9A5D2A7AFAC700405F19 /* Bar.swift */ = {isa = PBXFileReference; lastKnownFileType = sourcecode.swift; path = Bar.swift; sourceTree = "<group>"; };
		2C2A9A632A7AFE7800405F19 /* BarViewModel.swift */ = {isa = PBXFileReference; lastKnownFileType = sourcecode.swift; path = BarViewModel.swift; sourceTree = "<group>"; };
		2C2A9A652A830E0600405F19 /* BarView.swift */ = {isa = PBXFileReference; lastKnownFileType = sourcecode.swift; path = BarView.swift; sourceTree = "<group>"; };
		2C2A9A672A83291A00405F19 /* BarAnnotationMapView.swift */ = {isa = PBXFileReference; lastKnownFileType = sourcecode.swift; path = BarAnnotationMapView.swift; sourceTree = "<group>"; };
		2C9D65792A78432D008288FA /* Hopper.app */ = {isa = PBXFileReference; explicitFileType = wrapper.application; includeInIndex = 0; path = Hopper.app; sourceTree = BUILT_PRODUCTS_DIR; };
		2C9D657C2A78432D008288FA /* HopperApp.swift */ = {isa = PBXFileReference; lastKnownFileType = sourcecode.swift; path = HopperApp.swift; sourceTree = "<group>"; };
		2C9D657E2A78432D008288FA /* ContentView.swift */ = {isa = PBXFileReference; lastKnownFileType = sourcecode.swift; path = ContentView.swift; sourceTree = "<group>"; };
		2C9D65802A78432E008288FA /* Assets.xcassets */ = {isa = PBXFileReference; lastKnownFileType = folder.assetcatalog; path = Assets.xcassets; sourceTree = "<group>"; };
		2C9D65832A78432E008288FA /* Preview Assets.xcassets */ = {isa = PBXFileReference; lastKnownFileType = folder.assetcatalog; path = "Preview Assets.xcassets"; sourceTree = "<group>"; };
		2C9D65AC2A78637E008288FA /* LocationManager.swift */ = {isa = PBXFileReference; lastKnownFileType = sourcecode.swift; path = LocationManager.swift; sourceTree = "<group>"; };
		2C9D65AE2A7865EC008288FA /* Info.plist */ = {isa = PBXFileReference; lastKnownFileType = text.plist; path = Info.plist; sourceTree = "<group>"; };
		2CFB28582A83FCBB00A4B9B0 /* BarPreviewView.swift */ = {isa = PBXFileReference; lastKnownFileType = sourcecode.swift; path = BarPreviewView.swift; sourceTree = "<group>"; };
		A7E2E28C97AF1428840ED9C1 /* Pods-Hopper.release.xcconfig */ = {isa = PBXFileReference; includeInIndex = 1; lastKnownFileType = text.xcconfig; name = "Pods-Hopper.release.xcconfig"; path = "Target Support Files/Pods-Hopper/Pods-Hopper.release.xcconfig"; sourceTree = "<group>"; };
		AC86824C24B3F04B37A6B443 /* Pods-Hopper.debug.xcconfig */ = {isa = PBXFileReference; includeInIndex = 1; lastKnownFileType = text.xcconfig; name = "Pods-Hopper.debug.xcconfig"; path = "Target Support Files/Pods-Hopper/Pods-Hopper.debug.xcconfig"; sourceTree = "<group>"; };
/* End PBXFileReference section */

/* Begin PBXFrameworksBuildPhase section */
		2C9D65762A78432D008288FA /* Frameworks */ = {
			isa = PBXFrameworksBuildPhase;
			buildActionMask = 2147483647;
			files = (
				2C2A9A502A7AD00500405F19 /* FirebaseDatabaseSwift in Frameworks */,
				2C2A9A582A7AD00500405F19 /* FirebaseRemoteConfigSwift in Frameworks */,
				2C2A9A5C2A7AD00500405F19 /* FirebaseStorageCombine-Community in Frameworks */,
				2C2A9A5A2A7AD00500405F19 /* FirebaseStorage in Frameworks */,
				2C2A9A4E2A7AD00500405F19 /* FirebaseDatabase in Frameworks */,
				2C2A9A4C2A7AD00500405F19 /* FirebaseAnalytics in Frameworks */,
				2C2A9A562A7AD00500405F19 /* FirebaseRemoteConfig in Frameworks */,
				2C2A9A542A7AD00500405F19 /* FirebaseInAppMessagingSwift-Beta in Frameworks */,
				2C2A9A602A7AFE3200405F19 /* FirebaseFirestore in Frameworks */,
				2C2A9A522A7AD00500405F19 /* FirebaseInAppMessaging-Beta in Frameworks */,
				2C2A9A622A7AFE3800405F19 /* FirebaseFirestoreSwift in Frameworks */,
			);
			runOnlyForDeploymentPostprocessing = 0;
		};
/* End PBXFrameworksBuildPhase section */

/* Begin PBXGroup section */
		2C9D65702A78432D008288FA = {
			isa = PBXGroup;
			children = (
				2C9D657B2A78432D008288FA /* Hopper */,
				2C9D657A2A78432D008288FA /* Products */,
				6D4E419406C2F9CDA33A15D7 /* Pods */,
			);
			sourceTree = "<group>";
		};
		2C9D657A2A78432D008288FA /* Products */ = {
			isa = PBXGroup;
			children = (
				2C9D65792A78432D008288FA /* Hopper.app */,
			);
			name = Products;
			sourceTree = "<group>";
		};
		2C9D657B2A78432D008288FA /* Hopper */ = {
			isa = PBXGroup;
			children = (
				2C2A9A482A7ACF7400405F19 /* GoogleService-Info.plist */,
				2C9D65AE2A7865EC008288FA /* Info.plist */,
				2C9D65AC2A78637E008288FA /* LocationManager.swift */,
				2C9D657C2A78432D008288FA /* HopperApp.swift */,
				2C9D657E2A78432D008288FA /* ContentView.swift */,
				2C2A9A432A79805500405F19 /* MapScreenView.swift */,
				2C9D65802A78432E008288FA /* Assets.xcassets */,
				2C2A9A452A79A67000405F19 /* MKCooordinateRegionHelper.swift */,
				2C2A9A5D2A7AFAC700405F19 /* Bar.swift */,
				2C2A9A632A7AFE7800405F19 /* BarViewModel.swift */,
				2C2A9A652A830E0600405F19 /* BarView.swift */,
				2C9D65822A78432E008288FA /* Preview Content */,
				2C2A9A672A83291A00405F19 /* BarAnnotationMapView.swift */,
				2CFB28582A83FCBB00A4B9B0 /* BarPreviewView.swift */,
				2C14BBDB2A8D393300687389 /* SceneDelegate.swift */,
				2C14BBDD2A8D9CB800687389 /* locationTest.gpx */,
			);
			path = Hopper;
			sourceTree = "<group>";
		};
		2C9D65822A78432E008288FA /* Preview Content */ = {
			isa = PBXGroup;
			children = (
				2C9D65832A78432E008288FA /* Preview Assets.xcassets */,
			);
			path = "Preview Content";
			sourceTree = "<group>";
		};
		6D4E419406C2F9CDA33A15D7 /* Pods */ = {
			isa = PBXGroup;
			children = (
				AC86824C24B3F04B37A6B443 /* Pods-Hopper.debug.xcconfig */,
				A7E2E28C97AF1428840ED9C1 /* Pods-Hopper.release.xcconfig */,
			);
			path = Pods;
			sourceTree = "<group>";
		};
/* End PBXGroup section */

/* Begin PBXNativeTarget section */
		2C9D65782A78432D008288FA /* Hopper */ = {
			isa = PBXNativeTarget;
			buildConfigurationList = 2C9D65872A78432E008288FA /* Build configuration list for PBXNativeTarget "Hopper" */;
			buildPhases = (
				FAFFFBC904FDE93F2856C132 /* [CP] Check Pods Manifest.lock */,
				2C9D65752A78432D008288FA /* Sources */,
				2C9D65762A78432D008288FA /* Frameworks */,
				2C9D65772A78432D008288FA /* Resources */,
				8416766A97AC8985ED6F09C3 /* [CP] Copy Pods Resources */,
			);
			buildRules = (
			);
			dependencies = (
			);
			name = Hopper;
			packageProductDependencies = (
				2C2A9A4B2A7AD00500405F19 /* FirebaseAnalytics */,
				2C2A9A4D2A7AD00500405F19 /* FirebaseDatabase */,
				2C2A9A4F2A7AD00500405F19 /* FirebaseDatabaseSwift */,
				2C2A9A512A7AD00500405F19 /* FirebaseInAppMessaging-Beta */,
				2C2A9A532A7AD00500405F19 /* FirebaseInAppMessagingSwift-Beta */,
				2C2A9A552A7AD00500405F19 /* FirebaseRemoteConfig */,
				2C2A9A572A7AD00500405F19 /* FirebaseRemoteConfigSwift */,
				2C2A9A592A7AD00500405F19 /* FirebaseStorage */,
				2C2A9A5B2A7AD00500405F19 /* FirebaseStorageCombine-Community */,
				2C2A9A5F2A7AFE3200405F19 /* FirebaseFirestore */,
				2C2A9A612A7AFE3800405F19 /* FirebaseFirestoreSwift */,
			);
			productName = Hopper;
			productReference = 2C9D65792A78432D008288FA /* Hopper.app */;
			productType = "com.apple.product-type.application";
		};
/* End PBXNativeTarget section */

/* Begin PBXProject section */
		2C9D65712A78432D008288FA /* Project object */ = {
			isa = PBXProject;
			attributes = {
				BuildIndependentTargetsInParallel = 1;
				LastSwiftUpdateCheck = 1430;
				LastUpgradeCheck = 1430;
				TargetAttributes = {
					2C9D65782A78432D008288FA = {
						CreatedOnToolsVersion = 14.3.1;
					};
				};
			};
			buildConfigurationList = 2C9D65742A78432D008288FA /* Build configuration list for PBXProject "Hopper" */;
			compatibilityVersion = "Xcode 14.0";
			developmentRegion = en;
			hasScannedForEncodings = 0;
			knownRegions = (
				en,
				Base,
			);
			mainGroup = 2C9D65702A78432D008288FA;
			packageReferences = (
				2C2A9A4A2A7AD00500405F19 /* XCRemoteSwiftPackageReference "firebase-ios-sdk" */,
			);
			productRefGroup = 2C9D657A2A78432D008288FA /* Products */;
			projectDirPath = "";
			projectRoot = "";
			targets = (
				2C9D65782A78432D008288FA /* Hopper */,
			);
		};
/* End PBXProject section */

/* Begin PBXResourcesBuildPhase section */
		2C9D65772A78432D008288FA /* Resources */ = {
			isa = PBXResourcesBuildPhase;
			buildActionMask = 2147483647;
			files = (
				2C9D65842A78432E008288FA /* Preview Assets.xcassets in Resources */,
				2C9D65812A78432E008288FA /* Assets.xcassets in Resources */,
				2C2A9A492A7ACF7400405F19 /* GoogleService-Info.plist in Resources */,
			);
			runOnlyForDeploymentPostprocessing = 0;
		};
/* End PBXResourcesBuildPhase section */

/* Begin PBXShellScriptBuildPhase section */
		8416766A97AC8985ED6F09C3 /* [CP] Copy Pods Resources */ = {
			isa = PBXShellScriptBuildPhase;
			buildActionMask = 2147483647;
			files = (
			);
			inputFileListPaths = (
				"${PODS_ROOT}/Target Support Files/Pods-Hopper/Pods-Hopper-resources-${CONFIGURATION}-input-files.xcfilelist",
			);
			name = "[CP] Copy Pods Resources";
			outputFileListPaths = (
				"${PODS_ROOT}/Target Support Files/Pods-Hopper/Pods-Hopper-resources-${CONFIGURATION}-output-files.xcfilelist",
			);
			runOnlyForDeploymentPostprocessing = 0;
			shellPath = /bin/sh;
			shellScript = "\"${PODS_ROOT}/Target Support Files/Pods-Hopper/Pods-Hopper-resources.sh\"\n";
			showEnvVarsInLog = 0;
		};
		FAFFFBC904FDE93F2856C132 /* [CP] Check Pods Manifest.lock */ = {
			isa = PBXShellScriptBuildPhase;
			buildActionMask = 2147483647;
			files = (
			);
			inputFileListPaths = (
			);
			inputPaths = (
				"${PODS_PODFILE_DIR_PATH}/Podfile.lock",
				"${PODS_ROOT}/Manifest.lock",
			);
			name = "[CP] Check Pods Manifest.lock";
			outputFileListPaths = (
			);
			outputPaths = (
				"$(DERIVED_FILE_DIR)/Pods-Hopper-checkManifestLockResult.txt",
			);
			runOnlyForDeploymentPostprocessing = 0;
			shellPath = /bin/sh;
			shellScript = "diff \"${PODS_PODFILE_DIR_PATH}/Podfile.lock\" \"${PODS_ROOT}/Manifest.lock\" > /dev/null\nif [ $? != 0 ] ; then\n    # print error to STDERR\n    echo \"error: The sandbox is not in sync with the Podfile.lock. Run 'pod install' or update your CocoaPods installation.\" >&2\n    exit 1\nfi\n# This output is used by Xcode 'outputs' to avoid re-running this script phase.\necho \"SUCCESS\" > \"${SCRIPT_OUTPUT_FILE_0}\"\n";
			showEnvVarsInLog = 0;
		};
/* End PBXShellScriptBuildPhase section */

/* Begin PBXSourcesBuildPhase section */
		2C9D65752A78432D008288FA /* Sources */ = {
			isa = PBXSourcesBuildPhase;
			buildActionMask = 2147483647;
			files = (
				2C2A9A662A830E0600405F19 /* BarView.swift in Sources */,
				2CFB28592A83FCBB00A4B9B0 /* BarPreviewView.swift in Sources */,
				2C9D657F2A78432D008288FA /* ContentView.swift in Sources */,
				2C2A9A5E2A7AFAC700405F19 /* Bar.swift in Sources */,
				2C2A9A462A79A67000405F19 /* MKCooordinateRegionHelper.swift in Sources */,
				2C2A9A442A79805500405F19 /* MapScreenView.swift in Sources */,
				2C9D65AD2A78637E008288FA /* LocationManager.swift in Sources */,
				2C14BBDC2A8D393300687389 /* SceneDelegate.swift in Sources */,
				2C2A9A642A7AFE7800405F19 /* BarViewModel.swift in Sources */,
				2C2A9A682A83291A00405F19 /* BarAnnotationMapView.swift in Sources */,
				2C9D657D2A78432D008288FA /* HopperApp.swift in Sources */,
			);
			runOnlyForDeploymentPostprocessing = 0;
		};
/* End PBXSourcesBuildPhase section */

/* Begin XCBuildConfiguration section */
		2C9D65852A78432E008288FA /* Debug */ = {
			isa = XCBuildConfiguration;
			buildSettings = {
				ALWAYS_SEARCH_USER_PATHS = NO;
				CLANG_ANALYZER_NONNULL = YES;
				CLANG_ANALYZER_NUMBER_OBJECT_CONVERSION = YES_AGGRESSIVE;
				CLANG_CXX_LANGUAGE_STANDARD = "gnu++20";
				CLANG_ENABLE_MODULES = YES;
				CLANG_ENABLE_OBJC_ARC = YES;
				CLANG_ENABLE_OBJC_WEAK = YES;
				CLANG_WARN_BLOCK_CAPTURE_AUTORELEASING = YES;
				CLANG_WARN_BOOL_CONVERSION = YES;
				CLANG_WARN_COMMA = YES;
				CLANG_WARN_CONSTANT_CONVERSION = YES;
				CLANG_WARN_DEPRECATED_OBJC_IMPLEMENTATIONS = YES;
				CLANG_WARN_DIRECT_OBJC_ISA_USAGE = YES_ERROR;
				CLANG_WARN_DOCUMENTATION_COMMENTS = YES;
				CLANG_WARN_EMPTY_BODY = YES;
				CLANG_WARN_ENUM_CONVERSION = YES;
				CLANG_WARN_INFINITE_RECURSION = YES;
				CLANG_WARN_INT_CONVERSION = YES;
				CLANG_WARN_NON_LITERAL_NULL_CONVERSION = YES;
				CLANG_WARN_OBJC_IMPLICIT_RETAIN_SELF = YES;
				CLANG_WARN_OBJC_LITERAL_CONVERSION = YES;
				CLANG_WARN_OBJC_ROOT_CLASS = YES_ERROR;
				CLANG_WARN_QUOTED_INCLUDE_IN_FRAMEWORK_HEADER = YES;
				CLANG_WARN_RANGE_LOOP_ANALYSIS = YES;
				CLANG_WARN_STRICT_PROTOTYPES = YES;
				CLANG_WARN_SUSPICIOUS_MOVE = YES;
				CLANG_WARN_UNGUARDED_AVAILABILITY = YES_AGGRESSIVE;
				CLANG_WARN_UNREACHABLE_CODE = YES;
				CLANG_WARN__DUPLICATE_METHOD_MATCH = YES;
				COPY_PHASE_STRIP = NO;
				DEBUG_INFORMATION_FORMAT = dwarf;
				ENABLE_STRICT_OBJC_MSGSEND = YES;
				ENABLE_TESTABILITY = YES;
				GCC_C_LANGUAGE_STANDARD = gnu11;
				GCC_DYNAMIC_NO_PIC = NO;
				GCC_NO_COMMON_BLOCKS = YES;
				GCC_OPTIMIZATION_LEVEL = 0;
				GCC_PREPROCESSOR_DEFINITIONS = (
					"DEBUG=1",
					"$(inherited)",
				);
				GCC_WARN_64_TO_32_BIT_CONVERSION = YES;
				GCC_WARN_ABOUT_RETURN_TYPE = YES_ERROR;
				GCC_WARN_UNDECLARED_SELECTOR = YES;
				GCC_WARN_UNINITIALIZED_AUTOS = YES_AGGRESSIVE;
				GCC_WARN_UNUSED_FUNCTION = YES;
				GCC_WARN_UNUSED_VARIABLE = YES;
				IPHONEOS_DEPLOYMENT_TARGET = 16.4;
				MTL_ENABLE_DEBUG_INFO = INCLUDE_SOURCE;
				MTL_FAST_MATH = YES;
				ONLY_ACTIVE_ARCH = YES;
				SDKROOT = iphoneos;
				SWIFT_ACTIVE_COMPILATION_CONDITIONS = DEBUG;
				SWIFT_OPTIMIZATION_LEVEL = "-Onone";
			};
			name = Debug;
		};
		2C9D65862A78432E008288FA /* Release */ = {
			isa = XCBuildConfiguration;
			buildSettings = {
				ALWAYS_SEARCH_USER_PATHS = NO;
				CLANG_ANALYZER_NONNULL = YES;
				CLANG_ANALYZER_NUMBER_OBJECT_CONVERSION = YES_AGGRESSIVE;
				CLANG_CXX_LANGUAGE_STANDARD = "gnu++20";
				CLANG_ENABLE_MODULES = YES;
				CLANG_ENABLE_OBJC_ARC = YES;
				CLANG_ENABLE_OBJC_WEAK = YES;
				CLANG_WARN_BLOCK_CAPTURE_AUTORELEASING = YES;
				CLANG_WARN_BOOL_CONVERSION = YES;
				CLANG_WARN_COMMA = YES;
				CLANG_WARN_CONSTANT_CONVERSION = YES;
				CLANG_WARN_DEPRECATED_OBJC_IMPLEMENTATIONS = YES;
				CLANG_WARN_DIRECT_OBJC_ISA_USAGE = YES_ERROR;
				CLANG_WARN_DOCUMENTATION_COMMENTS = YES;
				CLANG_WARN_EMPTY_BODY = YES;
				CLANG_WARN_ENUM_CONVERSION = YES;
				CLANG_WARN_INFINITE_RECURSION = YES;
				CLANG_WARN_INT_CONVERSION = YES;
				CLANG_WARN_NON_LITERAL_NULL_CONVERSION = YES;
				CLANG_WARN_OBJC_IMPLICIT_RETAIN_SELF = YES;
				CLANG_WARN_OBJC_LITERAL_CONVERSION = YES;
				CLANG_WARN_OBJC_ROOT_CLASS = YES_ERROR;
				CLANG_WARN_QUOTED_INCLUDE_IN_FRAMEWORK_HEADER = YES;
				CLANG_WARN_RANGE_LOOP_ANALYSIS = YES;
				CLANG_WARN_STRICT_PROTOTYPES = YES;
				CLANG_WARN_SUSPICIOUS_MOVE = YES;
				CLANG_WARN_UNGUARDED_AVAILABILITY = YES_AGGRESSIVE;
				CLANG_WARN_UNREACHABLE_CODE = YES;
				CLANG_WARN__DUPLICATE_METHOD_MATCH = YES;
				COPY_PHASE_STRIP = NO;
				DEBUG_INFORMATION_FORMAT = "dwarf-with-dsym";
				ENABLE_NS_ASSERTIONS = NO;
				ENABLE_STRICT_OBJC_MSGSEND = YES;
				GCC_C_LANGUAGE_STANDARD = gnu11;
				GCC_NO_COMMON_BLOCKS = YES;
				GCC_WARN_64_TO_32_BIT_CONVERSION = YES;
				GCC_WARN_ABOUT_RETURN_TYPE = YES_ERROR;
				GCC_WARN_UNDECLARED_SELECTOR = YES;
				GCC_WARN_UNINITIALIZED_AUTOS = YES_AGGRESSIVE;
				GCC_WARN_UNUSED_FUNCTION = YES;
				GCC_WARN_UNUSED_VARIABLE = YES;
				IPHONEOS_DEPLOYMENT_TARGET = 16.4;
				MTL_ENABLE_DEBUG_INFO = NO;
				MTL_FAST_MATH = YES;
				SDKROOT = iphoneos;
				SWIFT_COMPILATION_MODE = wholemodule;
				SWIFT_OPTIMIZATION_LEVEL = "-O";
				VALIDATE_PRODUCT = YES;
			};
			name = Release;
		};
		2C9D65882A78432E008288FA /* Debug */ = {
			isa = XCBuildConfiguration;
			baseConfigurationReference = AC86824C24B3F04B37A6B443 /* Pods-Hopper.debug.xcconfig */;
			buildSettings = {
				ASSETCATALOG_COMPILER_APPICON_NAME = AppIcon;
				ASSETCATALOG_COMPILER_GLOBAL_ACCENT_COLOR_NAME = AccentColor;
				CODE_SIGN_STYLE = Automatic;
				CURRENT_PROJECT_VERSION = 1;
				DEVELOPMENT_ASSET_PATHS = "\"Hopper/Preview Content\"";
				DEVELOPMENT_TEAM = KMS7K3S92P;
				ENABLE_PREVIEWS = YES;
				GENERATE_INFOPLIST_FILE = YES;
				INFOPLIST_FILE = Hopper/Info.plist;
				INFOPLIST_KEY_LSApplicationCategoryType = "";
				INFOPLIST_KEY_NSLocationAlwaysAndWhenInUseUsageDescription = "(HIGHLY RECOMMENDED) This app needs your location at all times to properly update bar activity";
				INFOPLIST_KEY_NSLocationWhenInUseUsageDescription = "Please select the always allow option";
				INFOPLIST_KEY_UIApplicationSceneManifest_Generation = YES;
				INFOPLIST_KEY_UIApplicationSupportsIndirectInputEvents = YES;
				INFOPLIST_KEY_UILaunchScreen_Generation = YES;
				INFOPLIST_KEY_UISupportedInterfaceOrientations_iPad = "UIInterfaceOrientationPortrait UIInterfaceOrientationPortraitUpsideDown UIInterfaceOrientationLandscapeLeft UIInterfaceOrientationLandscapeRight";
				INFOPLIST_KEY_UISupportedInterfaceOrientations_iPhone = "UIInterfaceOrientationPortrait UIInterfaceOrientationLandscapeLeft UIInterfaceOrientationLandscapeRight";
				LD_RUNPATH_SEARCH_PATHS = (
					"$(inherited)",
					"@executable_path/Frameworks",
				);
				MARKETING_VERSION = 1.0;
				PRODUCT_BUNDLE_IDENTIFIER = com.RowenLink.Hopper;
				PRODUCT_NAME = "$(TARGET_NAME)";
				SWIFT_EMIT_LOC_STRINGS = YES;
				SWIFT_VERSION = 5.0;
				TARGETED_DEVICE_FAMILY = "1,2";
			};
			name = Debug;
		};
		2C9D65892A78432E008288FA /* Release */ = {
			isa = XCBuildConfiguration;
			baseConfigurationReference = A7E2E28C97AF1428840ED9C1 /* Pods-Hopper.release.xcconfig */;
			buildSettings = {
				ASSETCATALOG_COMPILER_APPICON_NAME = AppIcon;
				ASSETCATALOG_COMPILER_GLOBAL_ACCENT_COLOR_NAME = AccentColor;
				CODE_SIGN_STYLE = Automatic;
				CURRENT_PROJECT_VERSION = 1;
				DEVELOPMENT_ASSET_PATHS = "\"Hopper/Preview Content\"";
				DEVELOPMENT_TEAM = KMS7K3S92P;
				ENABLE_PREVIEWS = YES;
				GENERATE_INFOPLIST_FILE = YES;
				INFOPLIST_FILE = Hopper/Info.plist;
				INFOPLIST_KEY_LSApplicationCategoryType = "";
				INFOPLIST_KEY_NSLocationAlwaysAndWhenInUseUsageDescription = "(HIGHLY RECOMMENDED) This app needs your location at all times to properly update bar activity";
				INFOPLIST_KEY_NSLocationWhenInUseUsageDescription = "Please select the always allow option";
				INFOPLIST_KEY_UIApplicationSceneManifest_Generation = YES;
				INFOPLIST_KEY_UIApplicationSupportsIndirectInputEvents = YES;
				INFOPLIST_KEY_UILaunchScreen_Generation = YES;
				INFOPLIST_KEY_UISupportedInterfaceOrientations_iPad = "UIInterfaceOrientationPortrait UIInterfaceOrientationPortraitUpsideDown UIInterfaceOrientationLandscapeLeft UIInterfaceOrientationLandscapeRight";
				INFOPLIST_KEY_UISupportedInterfaceOrientations_iPhone = "UIInterfaceOrientationPortrait UIInterfaceOrientationLandscapeLeft UIInterfaceOrientationLandscapeRight";
				LD_RUNPATH_SEARCH_PATHS = (
					"$(inherited)",
					"@executable_path/Frameworks",
				);
				MARKETING_VERSION = 1.0;
				PRODUCT_BUNDLE_IDENTIFIER = com.RowenLink.Hopper;
				PRODUCT_NAME = "$(TARGET_NAME)";
				SWIFT_EMIT_LOC_STRINGS = YES;
				SWIFT_VERSION = 5.0;
				TARGETED_DEVICE_FAMILY = "1,2";
			};
			name = Release;
		};
/* End XCBuildConfiguration section */

/* Begin XCConfigurationList section */
		2C9D65742A78432D008288FA /* Build configuration list for PBXProject "Hopper" */ = {
			isa = XCConfigurationList;
			buildConfigurations = (
				2C9D65852A78432E008288FA /* Debug */,
				2C9D65862A78432E008288FA /* Release */,
			);
			defaultConfigurationIsVisible = 0;
			defaultConfigurationName = Release;
		};
		2C9D65872A78432E008288FA /* Build configuration list for PBXNativeTarget "Hopper" */ = {
			isa = XCConfigurationList;
			buildConfigurations = (
				2C9D65882A78432E008288FA /* Debug */,
				2C9D65892A78432E008288FA /* Release */,
			);
			defaultConfigurationIsVisible = 0;
			defaultConfigurationName = Release;
		};
/* End XCConfigurationList section */

/* Begin XCRemoteSwiftPackageReference section */
		2C2A9A4A2A7AD00500405F19 /* XCRemoteSwiftPackageReference "firebase-ios-sdk" */ = {
			isa = XCRemoteSwiftPackageReference;
			repositoryURL = "https://github.com/firebase/firebase-ios-sdk";
			requirement = {
				kind = upToNextMajorVersion;
				minimumVersion = 10.0.0;
			};
		};
/* End XCRemoteSwiftPackageReference section */

/* Begin XCSwiftPackageProductDependency section */
		2C2A9A4B2A7AD00500405F19 /* FirebaseAnalytics */ = {
			isa = XCSwiftPackageProductDependency;
			package = 2C2A9A4A2A7AD00500405F19 /* XCRemoteSwiftPackageReference "firebase-ios-sdk" */;
			productName = FirebaseAnalytics;
		};
		2C2A9A4D2A7AD00500405F19 /* FirebaseDatabase */ = {
			isa = XCSwiftPackageProductDependency;
			package = 2C2A9A4A2A7AD00500405F19 /* XCRemoteSwiftPackageReference "firebase-ios-sdk" */;
			productName = FirebaseDatabase;
		};
		2C2A9A4F2A7AD00500405F19 /* FirebaseDatabaseSwift */ = {
			isa = XCSwiftPackageProductDependency;
			package = 2C2A9A4A2A7AD00500405F19 /* XCRemoteSwiftPackageReference "firebase-ios-sdk" */;
			productName = FirebaseDatabaseSwift;
		};
		2C2A9A512A7AD00500405F19 /* FirebaseInAppMessaging-Beta */ = {
			isa = XCSwiftPackageProductDependency;
			package = 2C2A9A4A2A7AD00500405F19 /* XCRemoteSwiftPackageReference "firebase-ios-sdk" */;
			productName = "FirebaseInAppMessaging-Beta";
		};
		2C2A9A532A7AD00500405F19 /* FirebaseInAppMessagingSwift-Beta */ = {
			isa = XCSwiftPackageProductDependency;
			package = 2C2A9A4A2A7AD00500405F19 /* XCRemoteSwiftPackageReference "firebase-ios-sdk" */;
			productName = "FirebaseInAppMessagingSwift-Beta";
		};
		2C2A9A552A7AD00500405F19 /* FirebaseRemoteConfig */ = {
			isa = XCSwiftPackageProductDependency;
			package = 2C2A9A4A2A7AD00500405F19 /* XCRemoteSwiftPackageReference "firebase-ios-sdk" */;
			productName = FirebaseRemoteConfig;
		};
		2C2A9A572A7AD00500405F19 /* FirebaseRemoteConfigSwift */ = {
			isa = XCSwiftPackageProductDependency;
			package = 2C2A9A4A2A7AD00500405F19 /* XCRemoteSwiftPackageReference "firebase-ios-sdk" */;
			productName = FirebaseRemoteConfigSwift;
		};
		2C2A9A592A7AD00500405F19 /* FirebaseStorage */ = {
			isa = XCSwiftPackageProductDependency;
			package = 2C2A9A4A2A7AD00500405F19 /* XCRemoteSwiftPackageReference "firebase-ios-sdk" */;
			productName = FirebaseStorage;
		};
		2C2A9A5B2A7AD00500405F19 /* FirebaseStorageCombine-Community */ = {
			isa = XCSwiftPackageProductDependency;
			package = 2C2A9A4A2A7AD00500405F19 /* XCRemoteSwiftPackageReference "firebase-ios-sdk" */;
			productName = "FirebaseStorageCombine-Community";
		};
		2C2A9A5F2A7AFE3200405F19 /* FirebaseFirestore */ = {
			isa = XCSwiftPackageProductDependency;
			package = 2C2A9A4A2A7AD00500405F19 /* XCRemoteSwiftPackageReference "firebase-ios-sdk" */;
			productName = FirebaseFirestore;
		};
		2C2A9A612A7AFE3800405F19 /* FirebaseFirestoreSwift */ = {
			isa = XCSwiftPackageProductDependency;
			package = 2C2A9A4A2A7AD00500405F19 /* XCRemoteSwiftPackageReference "firebase-ios-sdk" */;
			productName = FirebaseFirestoreSwift;
		};
/* End XCSwiftPackageProductDependency section */
	};
	rootObject = 2C9D65712A78432D008288FA /* Project object */;
}
